
Microsoft Visual Studio Solution File, Format Version 12.00
# Visual Studio Version 16
VisualStudioVersion = 16.0.30011.22
MinimumVisualStudioVersion = 10.0.40219.1
Project("{FAE04EC0-301F-11D3-BF4B-00C04F79EFBC}") = "LINQTest", "LINQTest\LINQTest.csproj", "{980D574C-B36D-479D-836B-B09E56897778}"
EndProject
Global
	GlobalSection(SolutionConfigurationPlatforms) = preSolution
		Debug|Any CPU = Debug|Any CPU
		Release|Any CPU = Release|Any CPU
	EndGlobalSection
	GlobalSection(ProjectConfigurationPlatforms) = postSolution
		{980D574C-B36D-479D-836B-B09E56897778}.Debug|Any CPU.ActiveCfg = Debug|Any CPU
		{980D574C-B36D-479D-836B-B09E56897778}.Debug|Any CPU.Build.0 = Debug|Any CPU
		{980D574C-B36D-479D-836B-B09E56897778}.Release|Any CPU.ActiveCfg = Release|Any CPU
		{980D574C-B36D-479D-836B-B09E56897778}.Release|Any CPU.Build.0 = Release|Any CPU
	EndGlobalSection
	GlobalSection(SolutionProperties) = preSolution
		HideSolutionNode = FALSE
	EndGlobalSection
	GlobalSection(ExtensibilityGlobals) = postSolution
		SolutionGuid = {FBEEF9ED-7B54-435B-8E4D-16B4F663EED5}
	EndGlobalSection
EndGlobal
